
Microsoft Visual Studio Solution File, Format Version 12.00
# Visual Studio Version 16
VisualStudioVersion = 16.0.33529.622
MinimumVisualStudioVersion = 10.0.40219.1
Project("{FAE04EC0-301F-11D3-BF4B-00C04F79EFBC}") = "osu-video-convert", "osu-video-convert\osu-video-convert.csproj", "{03D171B1-744D-4FCE-84AD-A0F711024077}"
EndProject
Global
	GlobalSection(SolutionConfigurationPlatforms) = preSolution
		Debug|Any CPU = Debug|Any CPU
		Release|Any CPU = Release|Any CPU
	EndGlobalSection
	GlobalSection(ProjectConfigurationPlatforms) = postSolution
		{03D171B1-744D-4FCE-84AD-A0F711024077}.Debug|Any CPU.ActiveCfg = Debug|Any CPU
		{03D171B1-744D-4FCE-84AD-A0F711024077}.Debug|Any CPU.Build.0 = Debug|Any CPU
		{03D171B1-744D-4FCE-84AD-A0F711024077}.Release|Any CPU.ActiveCfg = Release|Any CPU
		{03D171B1-744D-4FCE-84AD-A0F711024077}.Release|Any CPU.Build.0 = Release|Any CPU
	EndGlobalSection
	GlobalSection(SolutionProperties) = preSolution
		HideSolutionNode = FALSE
	EndGlobalSection
	GlobalSection(ExtensibilityGlobals) = postSolution
		SolutionGuid = {3C6E75C0-6DBB-4F08-9B37-4A3F24B9690D}
	EndGlobalSection
EndGlobal
